// !$*UTF8*$!
{
	archiveVersion = 1;
	classes = {
	};
	objectVersion = 46;
	objects = {

/* Begin PBXBuildFile section */
		B45441D71B4E245100B1A214 /* main.m in Sources */ = {isa = PBXBuildFile; fileRef = B45441D61B4E245100B1A214 /* main.m */; };
		B454423A1B4E246D00B1A214 /* NSArray+SnapchatKit.m in Sources */ = {isa = PBXBuildFile; fileRef = B45441E01B4E246D00B1A214 /* NSArray+SnapchatKit.m */; };
		B454423B1B4E246D00B1A214 /* NSData+SnapchatKit.m in Sources */ = {isa = PBXBuildFile; fileRef = B45441E21B4E246D00B1A214 /* NSData+SnapchatKit.m */; };
		B454423C1B4E246D00B1A214 /* NSDictionary+SnapchatKit.m in Sources */ = {isa = PBXBuildFile; fileRef = B45441E41B4E246D00B1A214 /* NSDictionary+SnapchatKit.m */; };
		B454423D1B4E246D00B1A214 /* NSString+SnapchatKit.m in Sources */ = {isa = PBXBuildFile; fileRef = B45441E61B4E246D00B1A214 /* NSString+SnapchatKit.m */; };
		B454423E1B4E246D00B1A214 /* SKAddedFriend.m in Sources */ = {isa = PBXBuildFile; fileRef = B45441E91B4E246D00B1A214 /* SKAddedFriend.m */; };
		B454423F1B4E246D00B1A214 /* SKBlob.m in Sources */ = {isa = PBXBuildFile; fileRef = B45441EB1B4E246D00B1A214 /* SKBlob.m */; };
		B45442401B4E246D00B1A214 /* SKCashTransaction.m in Sources */ = {isa = PBXBuildFile; fileRef = B45441ED1B4E246D00B1A214 /* SKCashTransaction.m */; };
		B45442411B4E246D00B1A214 /* SKConversation.m in Sources */ = {isa = PBXBuildFile; fileRef = B45441EF1B4E246D00B1A214 /* SKConversation.m */; };
		B45442421B4E246D00B1A214 /* SKFilter.m in Sources */ = {isa = PBXBuildFile; fileRef = B45441F11B4E246D00B1A214 /* SKFilter.m */; };
		B45442431B4E246D00B1A214 /* SKFoundFriend.m in Sources */ = {isa = PBXBuildFile; fileRef = B45441F31B4E246D00B1A214 /* SKFoundFriend.m */; };
		B45442441B4E246D00B1A214 /* SKLocation.m in Sources */ = {isa = PBXBuildFile; fileRef = B45441F51B4E246D00B1A214 /* SKLocation.m */; };
		B45442451B4E246D00B1A214 /* SKMessage.m in Sources */ = {isa = PBXBuildFile; fileRef = B45441F71B4E246D00B1A214 /* SKMessage.m */; };
		B45442461B4E246D00B1A214 /* SKNearbyUser.m in Sources */ = {isa = PBXBuildFile; fileRef = B45441F91B4E246D00B1A214 /* SKNearbyUser.m */; };
		B45442471B4E246D00B1A214 /* SKRequest.m in Sources */ = {isa = PBXBuildFile; fileRef = B45441FB1B4E246D00B1A214 /* SKRequest.m */; };
		B45442481B4E246D00B1A214 /* SKSession.m in Sources */ = {isa = PBXBuildFile; fileRef = B45441FD1B4E246D00B1A214 /* SKSession.m */; };
		B45442491B4E246D00B1A214 /* SKSimpleUser.m in Sources */ = {isa = PBXBuildFile; fileRef = B45441FF1B4E246D00B1A214 /* SKSimpleUser.m */; };
		B454424A1B4E246D00B1A214 /* SKSnap.m in Sources */ = {isa = PBXBuildFile; fileRef = B45442011B4E246D00B1A214 /* SKSnap.m */; };
		B454424B1B4E246D00B1A214 /* SKSnapOptions.m in Sources */ = {isa = PBXBuildFile; fileRef = B45442031B4E246D00B1A214 /* SKSnapOptions.m */; };
		B454424C1B4E246D00B1A214 /* SKSnapResponse.m in Sources */ = {isa = PBXBuildFile; fileRef = B45442051B4E246D00B1A214 /* SKSnapResponse.m */; };
		B454424D1B4E246D00B1A214 /* SKStory.m in Sources */ = {isa = PBXBuildFile; fileRef = B45442071B4E246D00B1A214 /* SKStory.m */; };
		B454424E1B4E246D00B1A214 /* SKStoryCollection.m in Sources */ = {isa = PBXBuildFile; fileRef = B45442091B4E246D00B1A214 /* SKStoryCollection.m */; };
		B454424F1B4E246D00B1A214 /* SKStoryNote.m in Sources */ = {isa = PBXBuildFile; fileRef = B454420B1B4E246D00B1A214 /* SKStoryNote.m */; };
		B45442501B4E246D00B1A214 /* SKStoryOptions.m in Sources */ = {isa = PBXBuildFile; fileRef = B454420D1B4E246D00B1A214 /* SKStoryOptions.m */; };
		B45442511B4E246D00B1A214 /* SKStoryUpdater.m in Sources */ = {isa = PBXBuildFile; fileRef = B454420F1B4E246D00B1A214 /* SKStoryUpdater.m */; };
		B45442521B4E246D00B1A214 /* SKThing.m in Sources */ = {isa = PBXBuildFile; fileRef = B45442111B4E246D00B1A214 /* SKThing.m */; };
		B45442531B4E246D00B1A214 /* SKUser.m in Sources */ = {isa = PBXBuildFile; fileRef = B45442131B4E246D00B1A214 /* SKUser.m */; };
		B45442541B4E246D00B1A214 /* SKUserStory.m in Sources */ = {isa = PBXBuildFile; fileRef = B45442151B4E246D00B1A214 /* SKUserStory.m */; };
		B45442551B4E246D00B1A214 /* SKClient+Account.m in Sources */ = {isa = PBXBuildFile; fileRef = B45442181B4E246D00B1A214 /* SKClient+Account.m */; };
		B45442561B4E246D00B1A214 /* SKClient+Chat.m in Sources */ = {isa = PBXBuildFile; fileRef = B454421A1B4E246D00B1A214 /* SKClient+Chat.m */; };
		B45442571B4E246D00B1A214 /* SKClient+Device.m in Sources */ = {isa = PBXBuildFile; fileRef = B454421C1B4E246D00B1A214 /* SKClient+Device.m */; };
		B45442581B4E246D00B1A214 /* SKClient+Friends.m in Sources */ = {isa = PBXBuildFile; fileRef = B454421E1B4E246D00B1A214 /* SKClient+Friends.m */; };
		B45442591B4E246D00B1A214 /* SKClient+Snaps.m in Sources */ = {isa = PBXBuildFile; fileRef = B45442201B4E246D00B1A214 /* SKClient+Snaps.m */; };
		B454425A1B4E246D00B1A214 /* SKClient+Stories.m in Sources */ = {isa = PBXBuildFile; fileRef = B45442221B4E246D00B1A214 /* SKClient+Stories.m */; };
		B454425B1B4E246D00B1A214 /* SKClient.m in Sources */ = {isa = PBXBuildFile; fileRef = B45442241B4E246D00B1A214 /* SKClient.m */; };
		B454425C1B4E246D00B1A214 /* SnapchatKit-Constants.m in Sources */ = {isa = PBXBuildFile; fileRef = B45442261B4E246D00B1A214 /* SnapchatKit-Constants.m */; };
		B454425D1B4E246D00B1A214 /* ioapi.c in Sources */ = {isa = PBXBuildFile; fileRef = B454422C1B4E246D00B1A214 /* ioapi.c */; };
		B454425E1B4E246D00B1A214 /* mztools.c in Sources */ = {isa = PBXBuildFile; fileRef = B454422E1B4E246D00B1A214 /* mztools.c */; };
		B454425F1B4E246D00B1A214 /* unzip.c in Sources */ = {isa = PBXBuildFile; fileRef = B45442301B4E246D00B1A214 /* unzip.c */; };
		B45442601B4E246D00B1A214 /* zip.c in Sources */ = {isa = PBXBuildFile; fileRef = B45442321B4E246D00B1A214 /* zip.c */; };
		B45442611B4E246D00B1A214 /* SSZipArchive.m in Sources */ = {isa = PBXBuildFile; fileRef = B45442351B4E246D00B1A214 /* SSZipArchive.m */; };
		B45442621B4E246D00B1A214 /* TBTimer.m in Sources */ = {isa = PBXBuildFile; fileRef = B45442381B4E246D00B1A214 /* TBTimer.m */; };
		B45442641B4E249F00B1A214 /* libz.1.dylib in Frameworks */ = {isa = PBXBuildFile; fileRef = B45442631B4E249F00B1A214 /* libz.1.dylib */; };
/* End PBXBuildFile section */

/* Begin PBXCopyFilesBuildPhase section */
		B45441D11B4E245100B1A214 /* CopyFiles */ = {
			isa = PBXCopyFilesBuildPhase;
			buildActionMask = 2147483647;
			dstPath = /usr/share/man/man1/;
			dstSubfolderSpec = 0;
			files = (
			);
			runOnlyForDeploymentPostprocessing = 1;
		};
/* End PBXCopyFilesBuildPhase section */

/* Begin PBXFileReference section */
		B45441D31B4E245100B1A214 /* SnapchatKit-OSX-Demo */ = {isa = PBXFileReference; explicitFileType = "compiled.mach-o.executable"; includeInIndex = 0; path = "SnapchatKit-OSX-Demo"; sourceTree = BUILT_PRODUCTS_DIR; };
		B45441D61B4E245100B1A214 /* main.m */ = {isa = PBXFileReference; lastKnownFileType = sourcecode.c.objc; path = main.m; sourceTree = "<group>"; };
		B45441DF1B4E246D00B1A214 /* NSArray+SnapchatKit.h */ = {isa = PBXFileReference; fileEncoding = 4; lastKnownFileType = sourcecode.c.h; path = "NSArray+SnapchatKit.h"; sourceTree = "<group>"; };
		B45441E01B4E246D00B1A214 /* NSArray+SnapchatKit.m */ = {isa = PBXFileReference; fileEncoding = 4; lastKnownFileType = sourcecode.c.objc; path = "NSArray+SnapchatKit.m"; sourceTree = "<group>"; };
		B45441E11B4E246D00B1A214 /* NSData+SnapchatKit.h */ = {isa = PBXFileReference; fileEncoding = 4; lastKnownFileType = sourcecode.c.h; path = "NSData+SnapchatKit.h"; sourceTree = "<group>"; };
		B45441E21B4E246D00B1A214 /* NSData+SnapchatKit.m */ = {isa = PBXFileReference; fileEncoding = 4; lastKnownFileType = sourcecode.c.objc; path = "NSData+SnapchatKit.m"; sourceTree = "<group>"; };
		B45441E31B4E246D00B1A214 /* NSDictionary+SnapchatKit.h */ = {isa = PBXFileReference; fileEncoding = 4; lastKnownFileType = sourcecode.c.h; lineEnding = 0; path = "NSDictionary+SnapchatKit.h"; sourceTree = "<group>"; xcLanguageSpecificationIdentifier = xcode.lang.objcpp; };
		B45441E41B4E246D00B1A214 /* NSDictionary+SnapchatKit.m */ = {isa = PBXFileReference; fileEncoding = 4; lastKnownFileType = sourcecode.c.objc; path = "NSDictionary+SnapchatKit.m"; sourceTree = "<group>"; };
		B45441E51B4E246D00B1A214 /* NSString+SnapchatKit.h */ = {isa = PBXFileReference; fileEncoding = 4; lastKnownFileType = sourcecode.c.h; path = "NSString+SnapchatKit.h"; sourceTree = "<group>"; };
		B45441E61B4E246D00B1A214 /* NSString+SnapchatKit.m */ = {isa = PBXFileReference; fileEncoding = 4; lastKnownFileType = sourcecode.c.objc; path = "NSString+SnapchatKit.m"; sourceTree = "<group>"; };
		B45441E81B4E246D00B1A214 /* SKAddedFriend.h */ = {isa = PBXFileReference; fileEncoding = 4; lastKnownFileType = sourcecode.c.h; path = SKAddedFriend.h; sourceTree = "<group>"; };
		B45441E91B4E246D00B1A214 /* SKAddedFriend.m */ = {isa = PBXFileReference; fileEncoding = 4; lastKnownFileType = sourcecode.c.objc; path = SKAddedFriend.m; sourceTree = "<group>"; };
		B45441EA1B4E246D00B1A214 /* SKBlob.h */ = {isa = PBXFileReference; fileEncoding = 4; lastKnownFileType = sourcecode.c.h; lineEnding = 0; path = SKBlob.h; sourceTree = "<group>"; xcLanguageSpecificationIdentifier = xcode.lang.objcpp; };
		B45441EB1B4E246D00B1A214 /* SKBlob.m */ = {isa = PBXFileReference; fileEncoding = 4; lastKnownFileType = sourcecode.c.objc; path = SKBlob.m; sourceTree = "<group>"; };
		B45441EC1B4E246D00B1A214 /* SKCashTransaction.h */ = {isa = PBXFileReference; fileEncoding = 4; lastKnownFileType = sourcecode.c.h; path = SKCashTransaction.h; sourceTree = "<group>"; };
		B45441ED1B4E246D00B1A214 /* SKCashTransaction.m */ = {isa = PBXFileReference; fileEncoding = 4; lastKnownFileType = sourcecode.c.objc; path = SKCashTransaction.m; sourceTree = "<group>"; };
		B45441EE1B4E246D00B1A214 /* SKConversation.h */ = {isa = PBXFileReference; fileEncoding = 4; lastKnownFileType = sourcecode.c.h; path = SKConversation.h; sourceTree = "<group>"; };
		B45441EF1B4E246D00B1A214 /* SKConversation.m */ = {isa = PBXFileReference; fileEncoding = 4; lastKnownFileType = sourcecode.c.objc; path = SKConversation.m; sourceTree = "<group>"; };
		B45441F01B4E246D00B1A214 /* SKFilter.h */ = {isa = PBXFileReference; fileEncoding = 4; lastKnownFileType = sourcecode.c.h; path = SKFilter.h; sourceTree = "<group>"; };
		B45441F11B4E246D00B1A214 /* SKFilter.m */ = {isa = PBXFileReference; fileEncoding = 4; lastKnownFileType = sourcecode.c.objc; path = SKFilter.m; sourceTree = "<group>"; };
		B45441F21B4E246D00B1A214 /* SKFoundFriend.h */ = {isa = PBXFileReference; fileEncoding = 4; lastKnownFileType = sourcecode.c.h; path = SKFoundFriend.h; sourceTree = "<group>"; };
		B45441F31B4E246D00B1A214 /* SKFoundFriend.m */ = {isa = PBXFileReference; fileEncoding = 4; lastKnownFileType = sourcecode.c.objc; path = SKFoundFriend.m; sourceTree = "<group>"; };
		B45441F41B4E246D00B1A214 /* SKLocation.h */ = {isa = PBXFileReference; fileEncoding = 4; lastKnownFileType = sourcecode.c.h; path = SKLocation.h; sourceTree = "<group>"; };
		B45441F51B4E246D00B1A214 /* SKLocation.m */ = {isa = PBXFileReference; fileEncoding = 4; lastKnownFileType = sourcecode.c.objc; path = SKLocation.m; sourceTree = "<group>"; };
		B45441F61B4E246D00B1A214 /* SKMessage.h */ = {isa = PBXFileReference; fileEncoding = 4; lastKnownFileType = sourcecode.c.h; path = SKMessage.h; sourceTree = "<group>"; };
		B45441F71B4E246D00B1A214 /* SKMessage.m */ = {isa = PBXFileReference; fileEncoding = 4; lastKnownFileType = sourcecode.c.objc; path = SKMessage.m; sourceTree = "<group>"; };
		B45441F81B4E246D00B1A214 /* SKNearbyUser.h */ = {isa = PBXFileReference; fileEncoding = 4; lastKnownFileType = sourcecode.c.h; path = SKNearbyUser.h; sourceTree = "<group>"; };
		B45441F91B4E246D00B1A214 /* SKNearbyUser.m */ = {isa = PBXFileReference; fileEncoding = 4; lastKnownFileType = sourcecode.c.objc; path = SKNearbyUser.m; sourceTree = "<group>"; };
		B45441FA1B4E246D00B1A214 /* SKRequest.h */ = {isa = PBXFileReference; fileEncoding = 4; lastKnownFileType = sourcecode.c.h; lineEnding = 0; path = SKRequest.h; sourceTree = "<group>"; xcLanguageSpecificationIdentifier = xcode.lang.objcpp; };
		B45441FB1B4E246D00B1A214 /* SKRequest.m */ = {isa = PBXFileReference; fileEncoding = 4; lastKnownFileType = sourcecode.c.objc; path = SKRequest.m; sourceTree = "<group>"; };
		B45441FC1B4E246D00B1A214 /* SKSession.h */ = {isa = PBXFileReference; fileEncoding = 4; lastKnownFileType = sourcecode.c.h; path = SKSession.h; sourceTree = "<group>"; };
		B45441FD1B4E246D00B1A214 /* SKSession.m */ = {isa = PBXFileReference; fileEncoding = 4; lastKnownFileType = sourcecode.c.objc; path = SKSession.m; sourceTree = "<group>"; };
		B45441FE1B4E246D00B1A214 /* SKSimpleUser.h */ = {isa = PBXFileReference; fileEncoding = 4; lastKnownFileType = sourcecode.c.h; path = SKSimpleUser.h; sourceTree = "<group>"; };
		B45441FF1B4E246D00B1A214 /* SKSimpleUser.m */ = {isa = PBXFileReference; fileEncoding = 4; lastKnownFileType = sourcecode.c.objc; path = SKSimpleUser.m; sourceTree = "<group>"; };
		B45442001B4E246D00B1A214 /* SKSnap.h */ = {isa = PBXFileReference; fileEncoding = 4; lastKnownFileType = sourcecode.c.h; lineEnding = 0; path = SKSnap.h; sourceTree = "<group>"; xcLanguageSpecificationIdentifier = xcode.lang.objcpp; };
		B45442011B4E246D00B1A214 /* SKSnap.m */ = {isa = PBXFileReference; fileEncoding = 4; lastKnownFileType = sourcecode.c.objc; path = SKSnap.m; sourceTree = "<group>"; };
		B45442021B4E246D00B1A214 /* SKSnapOptions.h */ = {isa = PBXFileReference; fileEncoding = 4; lastKnownFileType = sourcecode.c.h; lineEnding = 0; path = SKSnapOptions.h; sourceTree = "<group>"; xcLanguageSpecificationIdentifier = xcode.lang.objcpp; };
		B45442031B4E246D00B1A214 /* SKSnapOptions.m */ = {isa = PBXFileReference; fileEncoding = 4; lastKnownFileType = sourcecode.c.objc; path = SKSnapOptions.m; sourceTree = "<group>"; };
		B45442041B4E246D00B1A214 /* SKSnapResponse.h */ = {isa = PBXFileReference; fileEncoding = 4; lastKnownFileType = sourcecode.c.h; lineEnding = 0; path = SKSnapResponse.h; sourceTree = "<group>"; xcLanguageSpecificationIdentifier = xcode.lang.objcpp; };
		B45442051B4E246D00B1A214 /* SKSnapResponse.m */ = {isa = PBXFileReference; fileEncoding = 4; lastKnownFileType = sourcecode.c.objc; path = SKSnapResponse.m; sourceTree = "<group>"; };
		B45442061B4E246D00B1A214 /* SKStory.h */ = {isa = PBXFileReference; fileEncoding = 4; lastKnownFileType = sourcecode.c.h; lineEnding = 0; path = SKStory.h; sourceTree = "<group>"; xcLanguageSpecificationIdentifier = xcode.lang.objcpp; };
		B45442071B4E246D00B1A214 /* SKStory.m */ = {isa = PBXFileReference; fileEncoding = 4; lastKnownFileType = sourcecode.c.objc; path = SKStory.m; sourceTree = "<group>"; };
		B45442081B4E246D00B1A214 /* SKStoryCollection.h */ = {isa = PBXFileReference; fileEncoding = 4; lastKnownFileType = sourcecode.c.h; path = SKStoryCollection.h; sourceTree = "<group>"; };
		B45442091B4E246D00B1A214 /* SKStoryCollection.m */ = {isa = PBXFileReference; fileEncoding = 4; lastKnownFileType = sourcecode.c.objc; path = SKStoryCollection.m; sourceTree = "<group>"; };
		B454420A1B4E246D00B1A214 /* SKStoryNote.h */ = {isa = PBXFileReference; fileEncoding = 4; lastKnownFileType = sourcecode.c.h; path = SKStoryNote.h; sourceTree = "<group>"; };
		B454420B1B4E246D00B1A214 /* SKStoryNote.m */ = {isa = PBXFileReference; fileEncoding = 4; lastKnownFileType = sourcecode.c.objc; path = SKStoryNote.m; sourceTree = "<group>"; };
		B454420C1B4E246D00B1A214 /* SKStoryOptions.h */ = {isa = PBXFileReference; fileEncoding = 4; lastKnownFileType = sourcecode.c.h; lineEnding = 0; path = SKStoryOptions.h; sourceTree = "<group>"; xcLanguageSpecificationIdentifier = xcode.lang.objcpp; };
		B454420D1B4E246D00B1A214 /* SKStoryOptions.m */ = {isa = PBXFileReference; fileEncoding = 4; lastKnownFileType = sourcecode.c.objc; path = SKStoryOptions.m; sourceTree = "<group>"; };
		B454420E1B4E246D00B1A214 /* SKStoryUpdater.h */ = {isa = PBXFileReference; fileEncoding = 4; lastKnownFileType = sourcecode.c.h; lineEnding = 0; path = SKStoryUpdater.h; sourceTree = "<group>"; xcLanguageSpecificationIdentifier = xcode.lang.objcpp; };
		B454420F1B4E246D00B1A214 /* SKStoryUpdater.m */ = {isa = PBXFileReference; fileEncoding = 4; lastKnownFileType = sourcecode.c.objc; path = SKStoryUpdater.m; sourceTree = "<group>"; };
		B45442101B4E246D00B1A214 /* SKThing.h */ = {isa = PBXFileReference; fileEncoding = 4; lastKnownFileType = sourcecode.c.h; path = SKThing.h; sourceTree = "<group>"; };
		B45442111B4E246D00B1A214 /* SKThing.m */ = {isa = PBXFileReference; fileEncoding = 4; lastKnownFileType = sourcecode.c.objc; path = SKThing.m; sourceTree = "<group>"; };
		B45442121B4E246D00B1A214 /* SKUser.h */ = {isa = PBXFileReference; fileEncoding = 4; lastKnownFileType = sourcecode.c.h; path = SKUser.h; sourceTree = "<group>"; };
		B45442131B4E246D00B1A214 /* SKUser.m */ = {isa = PBXFileReference; fileEncoding = 4; lastKnownFileType = sourcecode.c.objc; path = SKUser.m; sourceTree = "<group>"; };
		B45442141B4E246D00B1A214 /* SKUserStory.h */ = {isa = PBXFileReference; fileEncoding = 4; lastKnownFileType = sourcecode.c.h; path = SKUserStory.h; sourceTree = "<group>"; };
		B45442151B4E246D00B1A214 /* SKUserStory.m */ = {isa = PBXFileReference; fileEncoding = 4; lastKnownFileType = sourcecode.c.objc; path = SKUserStory.m; sourceTree = "<group>"; };
		B45442171B4E246D00B1A214 /* SKClient+Account.h */ = {isa = PBXFileReference; fileEncoding = 4; lastKnownFileType = sourcecode.c.h; lineEnding = 0; path = "SKClient+Account.h"; sourceTree = "<group>"; xcLanguageSpecificationIdentifier = xcode.lang.objcpp; };
		B45442181B4E246D00B1A214 /* SKClient+Account.m */ = {isa = PBXFileReference; fileEncoding = 4; lastKnownFileType = sourcecode.c.objc; path = "SKClient+Account.m"; sourceTree = "<group>"; };
		B45442191B4E246D00B1A214 /* SKClient+Chat.h */ = {isa = PBXFileReference; fileEncoding = 4; lastKnownFileType = sourcecode.c.h; path = "SKClient+Chat.h"; sourceTree = "<group>"; };
		B454421A1B4E246D00B1A214 /* SKClient+Chat.m */ = {isa = PBXFileReference; fileEncoding = 4; lastKnownFileType = sourcecode.c.objc; path = "SKClient+Chat.m"; sourceTree = "<group>"; };
		B454421B1B4E246D00B1A214 /* SKClient+Device.h */ = {isa = PBXFileReference; fileEncoding = 4; lastKnownFileType = sourcecode.c.h; path = "SKClient+Device.h"; sourceTree = "<group>"; };
		B454421C1B4E246D00B1A214 /* SKClient+Device.m */ = {isa = PBXFileReference; fileEncoding = 4; lastKnownFileType = sourcecode.c.objc; path = "SKClient+Device.m"; sourceTree = "<group>"; };
		B454421D1B4E246D00B1A214 /* SKClient+Friends.h */ = {isa = PBXFileReference; fileEncoding = 4; lastKnownFileType = sourcecode.c.h; lineEnding = 0; path = "SKClient+Friends.h"; sourceTree = "<group>"; xcLanguageSpecificationIdentifier = xcode.lang.objcpp; };
		B454421E1B4E246D00B1A214 /* SKClient+Friends.m */ = {isa = PBXFileReference; fileEncoding = 4; lastKnownFileType = sourcecode.c.objc; path = "SKClient+Friends.m"; sourceTree = "<group>"; };
		B454421F1B4E246D00B1A214 /* SKClient+Snaps.h */ = {isa = PBXFileReference; fileEncoding = 4; lastKnownFileType = sourcecode.c.h; lineEnding = 0; path = "SKClient+Snaps.h"; sourceTree = "<group>"; xcLanguageSpecificationIdentifier = xcode.lang.objcpp; };
		B45442201B4E246D00B1A214 /* SKClient+Snaps.m */ = {isa = PBXFileReference; fileEncoding = 4; lastKnownFileType = sourcecode.c.objc; path = "SKClient+Snaps.m"; sourceTree = "<group>"; };
		B45442211B4E246D00B1A214 /* SKClient+Stories.h */ = {isa = PBXFileReference; fileEncoding = 4; lastKnownFileType = sourcecode.c.h; lineEnding = 0; path = "SKClient+Stories.h"; sourceTree = "<group>"; xcLanguageSpecificationIdentifier = xcode.lang.objcpp; };
		B45442221B4E246D00B1A214 /* SKClient+Stories.m */ = {isa = PBXFileReference; fileEncoding = 4; lastKnownFileType = sourcecode.c.objc; path = "SKClient+Stories.m"; sourceTree = "<group>"; };
		B45442231B4E246D00B1A214 /* SKClient.h */ = {isa = PBXFileReference; fileEncoding = 4; lastKnownFileType = sourcecode.c.h; path = SKClient.h; sourceTree = "<group>"; };
		B45442241B4E246D00B1A214 /* SKClient.m */ = {isa = PBXFileReference; fileEncoding = 4; lastKnownFileType = sourcecode.c.objc; lineEnding = 0; path = SKClient.m; sourceTree = "<group>"; xcLanguageSpecificationIdentifier = xcode.lang.objc; };
		B45442251B4E246D00B1A214 /* SnapchatKit-Constants.h */ = {isa = PBXFileReference; fileEncoding = 4; lastKnownFileType = sourcecode.c.h; path = "SnapchatKit-Constants.h"; sourceTree = "<group>"; };
		B45442261B4E246D00B1A214 /* SnapchatKit-Constants.m */ = {isa = PBXFileReference; fileEncoding = 4; lastKnownFileType = sourcecode.c.objc; lineEnding = 0; path = "SnapchatKit-Constants.m"; sourceTree = "<group>"; xcLanguageSpecificationIdentifier = xcode.lang.objc; };
		B45442271B4E246D00B1A214 /* SnapchatKit.h */ = {isa = PBXFileReference; fileEncoding = 4; lastKnownFileType = sourcecode.c.h; path = SnapchatKit.h; sourceTree = "<group>"; };
		B454422B1B4E246D00B1A214 /* crypt.h */ = {isa = PBXFileReference; fileEncoding = 4; lastKnownFileType = sourcecode.c.h; path = crypt.h; sourceTree = "<group>"; };
		B454422C1B4E246D00B1A214 /* ioapi.c */ = {isa = PBXFileReference; fileEncoding = 4; lastKnownFileType = sourcecode.c.c; path = ioapi.c; sourceTree = "<group>"; };
		B454422D1B4E246D00B1A214 /* ioapi.h */ = {isa = PBXFileReference; fileEncoding = 4; lastKnownFileType = sourcecode.c.h; path = ioapi.h; sourceTree = "<group>"; };
		B454422E1B4E246D00B1A214 /* mztools.c */ = {isa = PBXFileReference; fileEncoding = 4; lastKnownFileType = sourcecode.c.c; path = mztools.c; sourceTree = "<group>"; };
		B454422F1B4E246D00B1A214 /* mztools.h */ = {isa = PBXFileReference; fileEncoding = 4; lastKnownFileType = sourcecode.c.h; path = mztools.h; sourceTree = "<group>"; };
		B45442301B4E246D00B1A214 /* unzip.c */ = {isa = PBXFileReference; fileEncoding = 4; lastKnownFileType = sourcecode.c.c; path = unzip.c; sourceTree = "<group>"; };
		B45442311B4E246D00B1A214 /* unzip.h */ = {isa = PBXFileReference; fileEncoding = 4; lastKnownFileType = sourcecode.c.h; path = unzip.h; sourceTree = "<group>"; };
		B45442321B4E246D00B1A214 /* zip.c */ = {isa = PBXFileReference; fileEncoding = 4; lastKnownFileType = sourcecode.c.c; path = zip.c; sourceTree = "<group>"; };
		B45442331B4E246D00B1A214 /* zip.h */ = {isa = PBXFileReference; fileEncoding = 4; lastKnownFileType = sourcecode.c.h; path = zip.h; sourceTree = "<group>"; };
		B45442341B4E246D00B1A214 /* SSZipArchive.h */ = {isa = PBXFileReference; fileEncoding = 4; lastKnownFileType = sourcecode.c.h; path = SSZipArchive.h; sourceTree = "<group>"; };
		B45442351B4E246D00B1A214 /* SSZipArchive.m */ = {isa = PBXFileReference; fileEncoding = 4; lastKnownFileType = sourcecode.c.objc; path = SSZipArchive.m; sourceTree = "<group>"; };
		B45442371B4E246D00B1A214 /* TBTimer.h */ = {isa = PBXFileReference; fileEncoding = 4; lastKnownFileType = sourcecode.c.h; path = TBTimer.h; sourceTree = "<group>"; };
		B45442381B4E246D00B1A214 /* TBTimer.m */ = {isa = PBXFileReference; fileEncoding = 4; lastKnownFileType = sourcecode.c.objc; path = TBTimer.m; sourceTree = "<group>"; };
		B45442391B4E246D00B1A214 /* Login.h */ = {isa = PBXFileReference; fileEncoding = 4; lastKnownFileType = sourcecode.c.h; name = Login.h; path = ../../../Login.h; sourceTree = "<group>"; };
		B45442631B4E249F00B1A214 /* libz.1.dylib */ = {isa = PBXFileReference; lastKnownFileType = "compiled.mach-o.dylib"; name = libz.1.dylib; path = usr/lib/libz.1.dylib; sourceTree = SDKROOT; };
/* End PBXFileReference section */

/* Begin PBXFrameworksBuildPhase section */
		B45441D01B4E245100B1A214 /* Frameworks */ = {
			isa = PBXFrameworksBuildPhase;
			buildActionMask = 2147483647;
			files = (
				B45442641B4E249F00B1A214 /* libz.1.dylib in Frameworks */,
			);
			runOnlyForDeploymentPostprocessing = 0;
		};
/* End PBXFrameworksBuildPhase section */

/* Begin PBXGroup section */
		B45441CA1B4E245100B1A214 = {
			isa = PBXGroup;
			children = (
				B45442631B4E249F00B1A214 /* libz.1.dylib */,
				B45441D51B4E245100B1A214 /* SnapchatKit-OSX-Demo */,
				B45441D41B4E245100B1A214 /* Products */,
			);
			sourceTree = "<group>";
		};
		B45441D41B4E245100B1A214 /* Products */ = {
			isa = PBXGroup;
			children = (
				B45441D31B4E245100B1A214 /* SnapchatKit-OSX-Demo */,
			);
			name = Products;
			sourceTree = "<group>";
		};
		B45441D51B4E245100B1A214 /* SnapchatKit-OSX-Demo */ = {
			isa = PBXGroup;
			children = (
				B45442391B4E246D00B1A214 /* Login.h */,
				B45441D61B4E245100B1A214 /* main.m */,
				B45441DD1B4E246D00B1A214 /* Classes */,
				B45442281B4E246D00B1A214 /* External */,
			);
			path = "SnapchatKit-OSX-Demo";
			sourceTree = "<group>";
		};
		B45441DD1B4E246D00B1A214 /* Classes */ = {
			isa = PBXGroup;
			children = (
				B45442271B4E246D00B1A214 /* SnapchatKit.h */,
				B45442251B4E246D00B1A214 /* SnapchatKit-Constants.h */,
				B45442261B4E246D00B1A214 /* SnapchatKit-Constants.m */,
				B45441DE1B4E246D00B1A214 /* Categories */,
				B45441E71B4E246D00B1A214 /* Model */,
				B45442161B4E246D00B1A214 /* Networking */,
			);
			name = Classes;
			path = ../../../Classes;
			sourceTree = "<group>";
		};
		B45441DE1B4E246D00B1A214 /* Categories */ = {
			isa = PBXGroup;
			children = (
				B45441DF1B4E246D00B1A214 /* NSArray+SnapchatKit.h */,
				B45441E01B4E246D00B1A214 /* NSArray+SnapchatKit.m */,
				B45441E11B4E246D00B1A214 /* NSData+SnapchatKit.h */,
				B45441E21B4E246D00B1A214 /* NSData+SnapchatKit.m */,
				B45441E31B4E246D00B1A214 /* NSDictionary+SnapchatKit.h */,
				B45441E41B4E246D00B1A214 /* NSDictionary+SnapchatKit.m */,
				B45441E51B4E246D00B1A214 /* NSString+SnapchatKit.h */,
				B45441E61B4E246D00B1A214 /* NSString+SnapchatKit.m */,
			);
			path = Categories;
			sourceTree = "<group>";
		};
		B45441E71B4E246D00B1A214 /* Model */ = {
			isa = PBXGroup;
			children = (
				B45441E81B4E246D00B1A214 /* SKAddedFriend.h */,
				B45441E91B4E246D00B1A214 /* SKAddedFriend.m */,
				B45441EA1B4E246D00B1A214 /* SKBlob.h */,
				B45441EB1B4E246D00B1A214 /* SKBlob.m */,
				B45441EC1B4E246D00B1A214 /* SKCashTransaction.h */,
				B45441ED1B4E246D00B1A214 /* SKCashTransaction.m */,
				B45441EE1B4E246D00B1A214 /* SKConversation.h */,
				B45441EF1B4E246D00B1A214 /* SKConversation.m */,
				B45441F01B4E246D00B1A214 /* SKFilter.h */,
				B45441F11B4E246D00B1A214 /* SKFilter.m */,
				B45441F21B4E246D00B1A214 /* SKFoundFriend.h */,
				B45441F31B4E246D00B1A214 /* SKFoundFriend.m */,
				B45441F41B4E246D00B1A214 /* SKLocation.h */,
				B45441F51B4E246D00B1A214 /* SKLocation.m */,
				B45441F61B4E246D00B1A214 /* SKMessage.h */,
				B45441F71B4E246D00B1A214 /* SKMessage.m */,
				B45441F81B4E246D00B1A214 /* SKNearbyUser.h */,
				B45441F91B4E246D00B1A214 /* SKNearbyUser.m */,
				B45441FA1B4E246D00B1A214 /* SKRequest.h */,
				B45441FB1B4E246D00B1A214 /* SKRequest.m */,
				B45441FC1B4E246D00B1A214 /* SKSession.h */,
				B45441FD1B4E246D00B1A214 /* SKSession.m */,
				B45441FE1B4E246D00B1A214 /* SKSimpleUser.h */,
				B45441FF1B4E246D00B1A214 /* SKSimpleUser.m */,
				B45442001B4E246D00B1A214 /* SKSnap.h */,
				B45442011B4E246D00B1A214 /* SKSnap.m */,
				B45442021B4E246D00B1A214 /* SKSnapOptions.h */,
				B45442031B4E246D00B1A214 /* SKSnapOptions.m */,
				B45442041B4E246D00B1A214 /* SKSnapResponse.h */,
				B45442051B4E246D00B1A214 /* SKSnapResponse.m */,
				B45442061B4E246D00B1A214 /* SKStory.h */,
				B45442071B4E246D00B1A214 /* SKStory.m */,
				B45442081B4E246D00B1A214 /* SKStoryCollection.h */,
				B45442091B4E246D00B1A214 /* SKStoryCollection.m */,
				B454420A1B4E246D00B1A214 /* SKStoryNote.h */,
				B454420B1B4E246D00B1A214 /* SKStoryNote.m */,
				B454420C1B4E246D00B1A214 /* SKStoryOptions.h */,
				B454420D1B4E246D00B1A214 /* SKStoryOptions.m */,
				B454420E1B4E246D00B1A214 /* SKStoryUpdater.h */,
				B454420F1B4E246D00B1A214 /* SKStoryUpdater.m */,
				B45442101B4E246D00B1A214 /* SKThing.h */,
				B45442111B4E246D00B1A214 /* SKThing.m */,
				B45442121B4E246D00B1A214 /* SKUser.h */,
				B45442131B4E246D00B1A214 /* SKUser.m */,
				B45442141B4E246D00B1A214 /* SKUserStory.h */,
				B45442151B4E246D00B1A214 /* SKUserStory.m */,
			);
			path = Model;
			sourceTree = "<group>";
		};
		B45442161B4E246D00B1A214 /* Networking */ = {
			isa = PBXGroup;
			children = (
				B45442171B4E246D00B1A214 /* SKClient+Account.h */,
				B45442181B4E246D00B1A214 /* SKClient+Account.m */,
				B45442191B4E246D00B1A214 /* SKClient+Chat.h */,
				B454421A1B4E246D00B1A214 /* SKClient+Chat.m */,
				B454421B1B4E246D00B1A214 /* SKClient+Device.h */,
				B454421C1B4E246D00B1A214 /* SKClient+Device.m */,
				B454421D1B4E246D00B1A214 /* SKClient+Friends.h */,
				B454421E1B4E246D00B1A214 /* SKClient+Friends.m */,
				B454421F1B4E246D00B1A214 /* SKClient+Snaps.h */,
				B45442201B4E246D00B1A214 /* SKClient+Snaps.m */,
				B45442211B4E246D00B1A214 /* SKClient+Stories.h */,
				B45442221B4E246D00B1A214 /* SKClient+Stories.m */,
				B45442231B4E246D00B1A214 /* SKClient.h */,
				B45442241B4E246D00B1A214 /* SKClient.m */,
			);
			path = Networking;
			sourceTree = "<group>";
		};
		B45442281B4E246D00B1A214 /* External */ = {
			isa = PBXGroup;
			children = (
				B45442291B4E246D00B1A214 /* SSZipArchive */,
				B45442361B4E246D00B1A214 /* TBTimer */,
			);
			name = External;
			path = ../../../External;
			sourceTree = "<group>";
		};
		B45442291B4E246D00B1A214 /* SSZipArchive */ = {
			isa = PBXGroup;
			children = (
				B454422A1B4E246D00B1A214 /* minizip */,
				B45442341B4E246D00B1A214 /* SSZipArchive.h */,
				B45442351B4E246D00B1A214 /* SSZipArchive.m */,
			);
			path = SSZipArchive;
			sourceTree = "<group>";
		};
		B454422A1B4E246D00B1A214 /* minizip */ = {
			isa = PBXGroup;
			children = (
				B454422B1B4E246D00B1A214 /* crypt.h */,
				B454422C1B4E246D00B1A214 /* ioapi.c */,
				B454422D1B4E246D00B1A214 /* ioapi.h */,
				B454422E1B4E246D00B1A214 /* mztools.c */,
				B454422F1B4E246D00B1A214 /* mztools.h */,
				B45442301B4E246D00B1A214 /* unzip.c */,
				B45442311B4E246D00B1A214 /* unzip.h */,
				B45442321B4E246D00B1A214 /* zip.c */,
				B45442331B4E246D00B1A214 /* zip.h */,
			);
			path = minizip;
			sourceTree = "<group>";
		};
		B45442361B4E246D00B1A214 /* TBTimer */ = {
			isa = PBXGroup;
			children = (
				B45442371B4E246D00B1A214 /* TBTimer.h */,
				B45442381B4E246D00B1A214 /* TBTimer.m */,
			);
			path = TBTimer;
			sourceTree = "<group>";
		};
/* End PBXGroup section */

/* Begin PBXNativeTarget section */
		B45441D21B4E245100B1A214 /* SnapchatKit-OSX-Demo */ = {
			isa = PBXNativeTarget;
			buildConfigurationList = B45441DA1B4E245100B1A214 /* Build configuration list for PBXNativeTarget "SnapchatKit-OSX-Demo" */;
			buildPhases = (
				B45441CF1B4E245100B1A214 /* Sources */,
				B45441D01B4E245100B1A214 /* Frameworks */,
				B45441D11B4E245100B1A214 /* CopyFiles */,
			);
			buildRules = (
			);
			dependencies = (
			);
			name = "SnapchatKit-OSX-Demo";
			productName = "SnapchatKit-OSX-Demo";
			productReference = B45441D31B4E245100B1A214 /* SnapchatKit-OSX-Demo */;
			productType = "com.apple.product-type.tool";
		};
/* End PBXNativeTarget section */

/* Begin PBXProject section */
		B45441CB1B4E245100B1A214 /* Project object */ = {
			isa = PBXProject;
			attributes = {
				LastUpgradeCheck = 0630;
				ORGANIZATIONNAME = "Tanner Bennett";
				TargetAttributes = {
					B45441D21B4E245100B1A214 = {
						CreatedOnToolsVersion = 6.3.1;
					};
				};
			};
			buildConfigurationList = B45441CE1B4E245100B1A214 /* Build configuration list for PBXProject "SnapchatKit-OSX-Demo" */;
			compatibilityVersion = "Xcode 3.2";
			developmentRegion = English;
			hasScannedForEncodings = 0;
			knownRegions = (
				en,
			);
			mainGroup = B45441CA1B4E245100B1A214;
			productRefGroup = B45441D41B4E245100B1A214 /* Products */;
			projectDirPath = "";
			projectRoot = "";
			targets = (
				B45441D21B4E245100B1A214 /* SnapchatKit-OSX-Demo */,
			);
		};
/* End PBXProject section */

/* Begin PBXSourcesBuildPhase section */
		B45441CF1B4E245100B1A214 /* Sources */ = {
			isa = PBXSourcesBuildPhase;
			buildActionMask = 2147483647;
			files = (
				B45442581B4E246D00B1A214 /* SKClient+Friends.m in Sources */,
				B45442561B4E246D00B1A214 /* SKClient+Chat.m in Sources */,
				B45442411B4E246D00B1A214 /* SKConversation.m in Sources */,
				B454424E1B4E246D00B1A214 /* SKStoryCollection.m in Sources */,
				B454425A1B4E246D00B1A214 /* SKClient+Stories.m in Sources */,
				B45442491B4E246D00B1A214 /* SKSimpleUser.m in Sources */,
				B454424C1B4E246D00B1A214 /* SKSnapResponse.m in Sources */,
				B45441D71B4E245100B1A214 /* main.m in Sources */,
				B45442401B4E246D00B1A214 /* SKCashTransaction.m in Sources */,
				B45442501B4E246D00B1A214 /* SKStoryOptions.m in Sources */,
				B454423C1B4E246D00B1A214 /* NSDictionary+SnapchatKit.m in Sources */,
				B45442471B4E246D00B1A214 /* SKRequest.m in Sources */,
				B45442551B4E246D00B1A214 /* SKClient+Account.m in Sources */,
				B45442621B4E246D00B1A214 /* TBTimer.m in Sources */,
				B454423A1B4E246D00B1A214 /* NSArray+SnapchatKit.m in Sources */,
				B45442461B4E246D00B1A214 /* SKNearbyUser.m in Sources */,
				B454425B1B4E246D00B1A214 /* SKClient.m in Sources */,
				B45442511B4E246D00B1A214 /* SKStoryUpdater.m in Sources */,
				B454424B1B4E246D00B1A214 /* SKSnapOptions.m in Sources */,
				B45442451B4E246D00B1A214 /* SKMessage.m in Sources */,
				B45442521B4E246D00B1A214 /* SKThing.m in Sources */,
				B45442481B4E246D00B1A214 /* SKSession.m in Sources */,
				B45442531B4E246D00B1A214 /* SKUser.m in Sources */,
				B454425E1B4E246D00B1A214 /* mztools.c in Sources */,
				B454424D1B4E246D00B1A214 /* SKStory.m in Sources */,
				B45442541B4E246D00B1A214 /* SKUserStory.m in Sources */,
				B45442421B4E246D00B1A214 /* SKFilter.m in Sources */,
				B454424A1B4E246D00B1A214 /* SKSnap.m in Sources */,
				B454425C1B4E246D00B1A214 /* SnapchatKit-Constants.m in Sources */,
				B454423B1B4E246D00B1A214 /* NSData+SnapchatKit.m in Sources */,
				B454423E1B4E246D00B1A214 /* SKAddedFriend.m in Sources */,
				B454425F1B4E246D00B1A214 /* unzip.c in Sources */,
				B45442591B4E246D00B1A214 /* SKClient+Snaps.m in Sources */,
				B454423F1B4E246D00B1A214 /* SKBlob.m in Sources */,
				B45442611B4E246D00B1A214 /* SSZipArchive.m in Sources */,
				B45442601B4E246D00B1A214 /* zip.c in Sources */,
				B45442571B4E246D00B1A214 /* SKClient+Device.m in Sources */,
				B454425D1B4E246D00B1A214 /* ioapi.c in Sources */,
				B454423D1B4E246D00B1A214 /* NSString+SnapchatKit.m in Sources */,
				B454424F1B4E246D00B1A214 /* SKStoryNote.m in Sources */,
				B45442441B4E246D00B1A214 /* SKLocation.m in Sources */,
				B45442431B4E246D00B1A214 /* SKFoundFriend.m in Sources */,
			);
			runOnlyForDeploymentPostprocessing = 0;
		};
/* End PBXSourcesBuildPhase section */

/* Begin XCBuildConfiguration section */
		B45441D81B4E245100B1A214 /* Debug */ = {
			isa = XCBuildConfiguration;
			buildSettings = {
				ALWAYS_SEARCH_USER_PATHS = NO;
				CLANG_CXX_LANGUAGE_STANDARD = "gnu++0x";
				CLANG_CXX_LIBRARY = "libc++";
				CLANG_ENABLE_MODULES = YES;
				CLANG_ENABLE_OBJC_ARC = YES;
				CLANG_WARN_BOOL_CONVERSION = YES;
				CLANG_WARN_CONSTANT_CONVERSION = YES;
				CLANG_WARN_DIRECT_OBJC_ISA_USAGE = YES_ERROR;
				CLANG_WARN_EMPTY_BODY = YES;
				CLANG_WARN_ENUM_CONVERSION = YES;
				CLANG_WARN_INT_CONVERSION = YES;
				CLANG_WARN_OBJC_ROOT_CLASS = YES_ERROR;
				CLANG_WARN_UNREACHABLE_CODE = YES;
				CLANG_WARN__DUPLICATE_METHOD_MATCH = YES;
				COPY_PHASE_STRIP = NO;
				DEBUG_INFORMATION_FORMAT = dwarf;
				ENABLE_STRICT_OBJC_MSGSEND = YES;
				GCC_C_LANGUAGE_STANDARD = gnu99;
				GCC_DYNAMIC_NO_PIC = NO;
				GCC_NO_COMMON_BLOCKS = YES;
				GCC_OPTIMIZATION_LEVEL = 0;
				GCC_PREPROCESSOR_DEFINITIONS = (
					"DEBUG=1",
					"$(inherited)",
				);
				GCC_SYMBOLS_PRIVATE_EXTERN = NO;
				GCC_WARN_64_TO_32_BIT_CONVERSION = YES;
				GCC_WARN_ABOUT_RETURN_TYPE = YES_ERROR;
				GCC_WARN_UNDECLARED_SELECTOR = YES;
				GCC_WARN_UNINITIALIZED_AUTOS = YES_AGGRESSIVE;
				GCC_WARN_UNUSED_FUNCTION = YES;
				GCC_WARN_UNUSED_VARIABLE = YES;
				MACOSX_DEPLOYMENT_TARGET = 10.10;
				MTL_ENABLE_DEBUG_INFO = YES;
				ONLY_ACTIVE_ARCH = YES;
				SDKROOT = macosx;
			};
			name = Debug;
		};
		B45441D91B4E245100B1A214 /* Release */ = {
			isa = XCBuildConfiguration;
			buildSettings = {
				ALWAYS_SEARCH_USER_PATHS = NO;
				CLANG_CXX_LANGUAGE_STANDARD = "gnu++0x";
				CLANG_CXX_LIBRARY = "libc++";
				CLANG_ENABLE_MODULES = YES;
				CLANG_ENABLE_OBJC_ARC = YES;
				CLANG_WARN_BOOL_CONVERSION = YES;
				CLANG_WARN_CONSTANT_CONVERSION = YES;
				CLANG_WARN_DIRECT_OBJC_ISA_USAGE = YES_ERROR;
				CLANG_WARN_EMPTY_BODY = YES;
				CLANG_WARN_ENUM_CONVERSION = YES;
				CLANG_WARN_INT_CONVERSION = YES;
				CLANG_WARN_OBJC_ROOT_CLASS = YES_ERROR;
				CLANG_WARN_UNREACHABLE_CODE = YES;
				CLANG_WARN__DUPLICATE_METHOD_MATCH = YES;
				COPY_PHASE_STRIP = NO;
				DEBUG_INFORMATION_FORMAT = "dwarf-with-dsym";
				ENABLE_NS_ASSERTIONS = NO;
				ENABLE_STRICT_OBJC_MSGSEND = YES;
				GCC_C_LANGUAGE_STANDARD = gnu99;
				GCC_NO_COMMON_BLOCKS = YES;
				GCC_WARN_64_TO_32_BIT_CONVERSION = YES;
				GCC_WARN_ABOUT_RETURN_TYPE = YES_ERROR;
				GCC_WARN_UNDECLARED_SELECTOR = YES;
				GCC_WARN_UNINITIALIZED_AUTOS = YES_AGGRESSIVE;
				GCC_WARN_UNUSED_FUNCTION = YES;
				GCC_WARN_UNUSED_VARIABLE = YES;
				MACOSX_DEPLOYMENT_TARGET = 10.10;
				MTL_ENABLE_DEBUG_INFO = NO;
				SDKROOT = macosx;
			};
			name = Release;
		};
		B45441DB1B4E245100B1A214 /* Debug */ = {
			isa = XCBuildConfiguration;
			buildSettings = {
				PRODUCT_NAME = "$(TARGET_NAME)";
			};
			name = Debug;
		};
		B45441DC1B4E245100B1A214 /* Release */ = {
			isa = XCBuildConfiguration;
			buildSettings = {
				PRODUCT_NAME = "$(TARGET_NAME)";
			};
			name = Release;
		};
/* End XCBuildConfiguration section */

/* Begin XCConfigurationList section */
		B45441CE1B4E245100B1A214 /* Build configuration list for PBXProject "SnapchatKit-OSX-Demo" */ = {
			isa = XCConfigurationList;
			buildConfigurations = (
				B45441D81B4E245100B1A214 /* Debug */,
				B45441D91B4E245100B1A214 /* Release */,
			);
			defaultConfigurationIsVisible = 0;
			defaultConfigurationName = Release;
		};
		B45441DA1B4E245100B1A214 /* Build configuration list for PBXNativeTarget "SnapchatKit-OSX-Demo" */ = {
			isa = XCConfigurationList;
			buildConfigurations = (
				B45441DB1B4E245100B1A214 /* Debug */,
				B45441DC1B4E245100B1A214 /* Release */,
			);
			defaultConfigurationIsVisible = 0;
			defaultConfigurationName = Release;
		};
/* End XCConfigurationList section */
	};
	rootObject = B45441CB1B4E245100B1A214 /* Project object */;
}
