// !$*UTF8*$!
{
	archiveVersion = 1;
	classes = {
	};
	objectVersion = 46;
	objects = {

/* Begin PBXBuildFile section */
		0D3E2CFBFA2DC04C6C5BD8F2 /* libPods-SnapchatKit_macOS.a in Frameworks */ = {isa = PBXBuildFile; fileRef = 83F82A99282A9406653C289D /* libPods-SnapchatKit_macOS.a */; };
		C3F8C1411E90DD8600768DA5 /* main.m in Sources */ = {isa = PBXBuildFile; fileRef = C3F8C1401E90DD8600768DA5 /* main.m */; };
		C3F8C1491E90DDA800768DA5 /* TBTimer.m in Sources */ = {isa = PBXBuildFile; fileRef = C3F8C1481E90DDA800768DA5 /* TBTimer.m */; };
/* End PBXBuildFile section */

/* Begin PBXCopyFilesBuildPhase section */
		C3F8C13B1E90DD8600768DA5 /* CopyFiles */ = {
			isa = PBXCopyFilesBuildPhase;
			buildActionMask = 2147483647;
			dstPath = /usr/share/man/man1/;
			dstSubfolderSpec = 0;
			files = (
			);
			runOnlyForDeploymentPostprocessing = 1;
		};
/* End PBXCopyFilesBuildPhase section */

/* Begin PBXFileReference section */
		83F82A99282A9406653C289D /* libPods-SnapchatKit_macOS.a */ = {isa = PBXFileReference; explicitFileType = archive.ar; includeInIndex = 0; path = "libPods-SnapchatKit_macOS.a"; sourceTree = BUILT_PRODUCTS_DIR; };
		9B0456E46681DCE0A6C77393 /* Pods-SnapchatKit_macOS.debug.xcconfig */ = {isa = PBXFileReference; includeInIndex = 1; lastKnownFileType = text.xcconfig; name = "Pods-SnapchatKit_macOS.debug.xcconfig"; path = "../Pods/Target Support Files/Pods-SnapchatKit_macOS/Pods-SnapchatKit_macOS.debug.xcconfig"; sourceTree = "<group>"; };
		C39137091E91A33F00407AE8 /* Login.h */ = {isa = PBXFileReference; fileEncoding = 4; lastKnownFileType = sourcecode.c.h; name = Login.h; path = ../../../../Login.h; sourceTree = "<group>"; };
		C3F8C13D1E90DD8600768DA5 /* SnapchatKit_macOS */ = {isa = PBXFileReference; explicitFileType = "compiled.mach-o.executable"; includeInIndex = 0; path = SnapchatKit_macOS; sourceTree = BUILT_PRODUCTS_DIR; };
		C3F8C1401E90DD8600768DA5 /* main.m */ = {isa = PBXFileReference; lastKnownFileType = sourcecode.c.objc; path = main.m; sourceTree = "<group>"; };
		C3F8C1471E90DDA800768DA5 /* TBTimer.h */ = {isa = PBXFileReference; fileEncoding = 4; lastKnownFileType = sourcecode.c.h; path = TBTimer.h; sourceTree = "<group>"; };
		C3F8C1481E90DDA800768DA5 /* TBTimer.m */ = {isa = PBXFileReference; fileEncoding = 4; lastKnownFileType = sourcecode.c.objc; path = TBTimer.m; sourceTree = "<group>"; };
		F74A4ABE5B56602747F1A910 /* Pods-SnapchatKit_macOS.release.xcconfig */ = {isa = PBXFileReference; includeInIndex = 1; lastKnownFileType = text.xcconfig; name = "Pods-SnapchatKit_macOS.release.xcconfig"; path = "../Pods/Target Support Files/Pods-SnapchatKit_macOS/Pods-SnapchatKit_macOS.release.xcconfig"; sourceTree = "<group>"; };
/* End PBXFileReference section */

/* Begin PBXFrameworksBuildPhase section */
		C3F8C13A1E90DD8600768DA5 /* Frameworks */ = {
			isa = PBXFrameworksBuildPhase;
			buildActionMask = 2147483647;
			files = (
				0D3E2CFBFA2DC04C6C5BD8F2 /* libPods-SnapchatKit_macOS.a in Frameworks */,
			);
			runOnlyForDeploymentPostprocessing = 0;
		};
/* End PBXFrameworksBuildPhase section */

/* Begin PBXGroup section */
		415F05D8D4E06B10A1077BEC /* Pods */ = {
			isa = PBXGroup;
			children = (
				9B0456E46681DCE0A6C77393 /* Pods-SnapchatKit_macOS.debug.xcconfig */,
				F74A4ABE5B56602747F1A910 /* Pods-SnapchatKit_macOS.release.xcconfig */,
			);
			name = Pods;
			sourceTree = "<group>";
		};
		C3F8C1341E90DD8600768DA5 = {
			isa = PBXGroup;
			children = (
				C39137091E91A33F00407AE8 /* Login.h */,
				C3F8C13F1E90DD8600768DA5 /* SnapchatKit-macOS */,
				C3F8C13E1E90DD8600768DA5 /* Products */,
				415F05D8D4E06B10A1077BEC /* Pods */,
				FDA78CD41A7D9B90EF66D38F /* Frameworks */,
			);
			sourceTree = "<group>";
		};
		C3F8C13E1E90DD8600768DA5 /* Products */ = {
			isa = PBXGroup;
			children = (
				C3F8C13D1E90DD8600768DA5 /* SnapchatKit_macOS */,
			);
			name = Products;
			sourceTree = "<group>";
		};
		C3F8C13F1E90DD8600768DA5 /* SnapchatKit-macOS */ = {
			isa = PBXGroup;
			children = (
				C3F8C1401E90DD8600768DA5 /* main.m */,
				C3F8C1471E90DDA800768DA5 /* TBTimer.h */,
				C3F8C1481E90DDA800768DA5 /* TBTimer.m */,
			);
			path = "SnapchatKit-macOS";
			sourceTree = "<group>";
		};
		FDA78CD41A7D9B90EF66D38F /* Frameworks */ = {
			isa = PBXGroup;
			children = (
				83F82A99282A9406653C289D /* libPods-SnapchatKit_macOS.a */,
			);
			name = Frameworks;
			sourceTree = "<group>";
		};
/* End PBXGroup section */

/* Begin PBXNativeTarget section */
		C3F8C13C1E90DD8600768DA5 /* SnapchatKit_macOS */ = {
			isa = PBXNativeTarget;
			buildConfigurationList = C3F8C1441E90DD8600768DA5 /* Build configuration list for PBXNativeTarget "SnapchatKit_macOS" */;
			buildPhases = (
				591D5A28A016CDAB18E0CA45 /* [CP] Check Pods Manifest.lock */,
				C3F8C1391E90DD8600768DA5 /* Sources */,
				C3F8C13A1E90DD8600768DA5 /* Frameworks */,
				C3F8C13B1E90DD8600768DA5 /* CopyFiles */,
				F510F0EF34A9BB04ED33647E /* [CP] Copy Pods Resources */,
			);
			buildRules = (
			);
			dependencies = (
			);
			name = SnapchatKit_macOS;
			productName = "SnapchatKit-macOS";
			productReference = C3F8C13D1E90DD8600768DA5 /* SnapchatKit_macOS */;
			productType = "com.apple.product-type.tool";
		};
/* End PBXNativeTarget section */

/* Begin PBXProject section */
		C3F8C1351E90DD8600768DA5 /* Project object */ = {
			isa = PBXProject;
			attributes = {
				LastUpgradeCheck = 0830;
				ORGANIZATIONNAME = "Tanner Bennett";
				TargetAttributes = {
					C3F8C13C1E90DD8600768DA5 = {
						CreatedOnToolsVersion = 8.3;
						DevelopmentTeam = S6N2F22V2Z;
						ProvisioningStyle = Automatic;
					};
				};
			};
			buildConfigurationList = C3F8C1381E90DD8600768DA5 /* Build configuration list for PBXProject "SnapchatKit-macOS" */;
			compatibilityVersion = "Xcode 3.2";
			developmentRegion = English;
			hasScannedForEncodings = 0;
			knownRegions = (
				en,
			);
			mainGroup = C3F8C1341E90DD8600768DA5;
			productRefGroup = C3F8C13E1E90DD8600768DA5 /* Products */;
			projectDirPath = "";
			projectRoot = "";
			targets = (
				C3F8C13C1E90DD8600768DA5 /* SnapchatKit_macOS */,
			);
		};
/* End PBXProject section */

/* Begin PBXShellScriptBuildPhase section */
		591D5A28A016CDAB18E0CA45 /* [CP] Check Pods Manifest.lock */ = {
			isa = PBXShellScriptBuildPhase;
			buildActionMask = 2147483647;
			files = (
			);
			inputPaths = (
			);
			name = "[CP] Check Pods Manifest.lock";
			outputPaths = (
			);
			runOnlyForDeploymentPostprocessing = 0;
			shellPath = /bin/sh;
			shellScript = "diff \"${PODS_ROOT}/../Podfile.lock\" \"${PODS_ROOT}/Manifest.lock\" > /dev/null\nif [ $? != 0 ] ; then\n    # print error to STDERR\n    echo \"error: The sandbox is not in sync with the Podfile.lock. Run 'pod install' or update your CocoaPods installation.\" >&2\n    exit 1\nfi\n";
			showEnvVarsInLog = 0;
		};
		F510F0EF34A9BB04ED33647E /* [CP] Copy Pods Resources */ = {
			isa = PBXShellScriptBuildPhase;
			buildActionMask = 2147483647;
			files = (
			);
			inputPaths = (
			);
			name = "[CP] Copy Pods Resources";
			outputPaths = (
			);
			runOnlyForDeploymentPostprocessing = 0;
			shellPath = /bin/sh;
			shellScript = "\"${SRCROOT}/../Pods/Target Support Files/Pods-SnapchatKit_macOS/Pods-SnapchatKit_macOS-resources.sh\"\n";
			showEnvVarsInLog = 0;
		};
/* End PBXShellScriptBuildPhase section */

/* Begin PBXSourcesBuildPhase section */
		C3F8C1391E90DD8600768DA5 /* Sources */ = {
			isa = PBXSourcesBuildPhase;
			buildActionMask = 2147483647;
			files = (
				C3F8C1411E90DD8600768DA5 /* main.m in Sources */,
				C3F8C1491E90DDA800768DA5 /* TBTimer.m in Sources */,
			);
			runOnlyForDeploymentPostprocessing = 0;
		};
/* End PBXSourcesBuildPhase section */

/* Begin XCBuildConfiguration section */
		C3F8C1421E90DD8600768DA5 /* Debug */ = {
			isa = XCBuildConfiguration;
			buildSettings = {
				ALWAYS_SEARCH_USER_PATHS = NO;
				CLANG_ANALYZER_NONNULL = YES;
				CLANG_ANALYZER_NUMBER_OBJECT_CONVERSION = YES_AGGRESSIVE;
				CLANG_CXX_LANGUAGE_STANDARD = "gnu++0x";
				CLANG_CXX_LIBRARY = "libc++";
				CLANG_ENABLE_MODULES = YES;
				CLANG_ENABLE_OBJC_ARC = YES;
				CLANG_WARN_BOOL_CONVERSION = YES;
				CLANG_WARN_CONSTANT_CONVERSION = YES;
				CLANG_WARN_DIRECT_OBJC_ISA_USAGE = YES_ERROR;
				CLANG_WARN_DOCUMENTATION_COMMENTS = YES;
				CLANG_WARN_EMPTY_BODY = YES;
				CLANG_WARN_ENUM_CONVERSION = YES;
				CLANG_WARN_INFINITE_RECURSION = YES;
				CLANG_WARN_INT_CONVERSION = YES;
				CLANG_WARN_OBJC_ROOT_CLASS = YES_ERROR;
				CLANG_WARN_SUSPICIOUS_MOVE = YES;
				CLANG_WARN_UNREACHABLE_CODE = YES;
				CLANG_WARN__DUPLICATE_METHOD_MATCH = YES;
				CODE_SIGN_IDENTITY = "-";
				COPY_PHASE_STRIP = NO;
				DEBUG_INFORMATION_FORMAT = dwarf;
				ENABLE_STRICT_OBJC_MSGSEND = YES;
				ENABLE_TESTABILITY = YES;
				GCC_C_LANGUAGE_STANDARD = gnu99;
				GCC_DYNAMIC_NO_PIC = NO;
				GCC_NO_COMMON_BLOCKS = YES;
				GCC_OPTIMIZATION_LEVEL = 0;
				GCC_PREPROCESSOR_DEFINITIONS = (
					"DEBUG=1",
					"$(inherited)",
				);
				GCC_WARN_64_TO_32_BIT_CONVERSION = YES;
				GCC_WARN_ABOUT_RETURN_TYPE = YES_ERROR;
				GCC_WARN_UNDECLARED_SELECTOR = YES;
				GCC_WARN_UNINITIALIZED_AUTOS = YES_AGGRESSIVE;
				GCC_WARN_UNUSED_FUNCTION = YES;
				GCC_WARN_UNUSED_VARIABLE = YES;
				MACOSX_DEPLOYMENT_TARGET = 10.12;
				MTL_ENABLE_DEBUG_INFO = YES;
				ONLY_ACTIVE_ARCH = YES;
				SDKROOT = macosx;
			};
			name = Debug;
		};
		C3F8C1431E90DD8600768DA5 /* Release */ = {
			isa = XCBuildConfiguration;
			buildSettings = {
				ALWAYS_SEARCH_USER_PATHS = NO;
				CLANG_ANALYZER_NONNULL = YES;
				CLANG_ANALYZER_NUMBER_OBJECT_CONVERSION = YES_AGGRESSIVE;
				CLANG_CXX_LANGUAGE_STANDARD = "gnu++0x";
				CLANG_CXX_LIBRARY = "libc++";
				CLANG_ENABLE_MODULES = YES;
				CLANG_ENABLE_OBJC_ARC = YES;
				CLANG_WARN_BOOL_CONVERSION = YES;
				CLANG_WARN_CONSTANT_CONVERSION = YES;
				CLANG_WARN_DIRECT_OBJC_ISA_USAGE = YES_ERROR;
				CLANG_WARN_DOCUMENTATION_COMMENTS = YES;
				CLANG_WARN_EMPTY_BODY = YES;
				CLANG_WARN_ENUM_CONVERSION = YES;
				CLANG_WARN_INFINITE_RECURSION = YES;
				CLANG_WARN_INT_CONVERSION = YES;
				CLANG_WARN_OBJC_ROOT_CLASS = YES_ERROR;
				CLANG_WARN_SUSPICIOUS_MOVE = YES;
				CLANG_WARN_UNREACHABLE_CODE = YES;
				CLANG_WARN__DUPLICATE_METHOD_MATCH = YES;
				CODE_SIGN_IDENTITY = "-";
				COPY_PHASE_STRIP = NO;
				DEBUG_INFORMATION_FORMAT = "dwarf-with-dsym";
				ENABLE_NS_ASSERTIONS = NO;
				ENABLE_STRICT_OBJC_MSGSEND = YES;
				GCC_C_LANGUAGE_STANDARD = gnu99;
				GCC_NO_COMMON_BLOCKS = YES;
				GCC_WARN_64_TO_32_BIT_CONVERSION = YES;
				GCC_WARN_ABOUT_RETURN_TYPE = YES_ERROR;
				GCC_WARN_UNDECLARED_SELECTOR = YES;
				GCC_WARN_UNINITIALIZED_AUTOS = YES_AGGRESSIVE;
				GCC_WARN_UNUSED_FUNCTION = YES;
				GCC_WARN_UNUSED_VARIABLE = YES;
				MACOSX_DEPLOYMENT_TARGET = 10.12;
				MTL_ENABLE_DEBUG_INFO = NO;
				SDKROOT = macosx;
			};
			name = Release;
		};
		C3F8C1451E90DD8600768DA5 /* Debug */ = {
			isa = XCBuildConfiguration;
			baseConfigurationReference = 9B0456E46681DCE0A6C77393 /* Pods-SnapchatKit_macOS.debug.xcconfig */;
			buildSettings = {
				DEVELOPMENT_TEAM = S6N2F22V2Z;
				PRODUCT_NAME = "$(TARGET_NAME)";
			};
			name = Debug;
		};
		C3F8C1461E90DD8600768DA5 /* Release */ = {
			isa = XCBuildConfiguration;
			baseConfigurationReference = F74A4ABE5B56602747F1A910 /* Pods-SnapchatKit_macOS.release.xcconfig */;
			buildSettings = {
				DEVELOPMENT_TEAM = S6N2F22V2Z;
				PRODUCT_NAME = "$(TARGET_NAME)";
			};
			name = Release;
		};
/* End XCBuildConfiguration section */

/* Begin XCConfigurationList section */
		C3F8C1381E90DD8600768DA5 /* Build configuration list for PBXProject "SnapchatKit-macOS" */ = {
			isa = XCConfigurationList;
			buildConfigurations = (
				C3F8C1421E90DD8600768DA5 /* Debug */,
				C3F8C1431E90DD8600768DA5 /* Release */,
			);
			defaultConfigurationIsVisible = 0;
			defaultConfigurationName = Release;
		};
		C3F8C1441E90DD8600768DA5 /* Build configuration list for PBXNativeTarget "SnapchatKit_macOS" */ = {
			isa = XCConfigurationList;
			buildConfigurations = (
				C3F8C1451E90DD8600768DA5 /* Debug */,
				C3F8C1461E90DD8600768DA5 /* Release */,
			);
			defaultConfigurationIsVisible = 0;
			defaultConfigurationName = Release;
		};
/* End XCConfigurationList section */
	};
	rootObject = C3F8C1351E90DD8600768DA5 /* Project object */;
}
